{
  "version": 2,
  "dependencies": {
    "net10.0": {
      "Microsoft.AspNetCore.TestHost": {
        "type": "Direct",
        "requested": "[10.0.0, )",
        "resolved": "10.0.0",
        "contentHash": "Q3ia+k+wYM3Iv/Qq5IETOdpz/R0xizs3WNAXz699vEQx5TMVAfG715fBSq9Thzopvx8dYZkxQ/mumTn6AJ/vGQ=="
      },
      "Microsoft.EntityFrameworkCore.InMemory": {
        "type": "Direct",
        "requested": "[10.0.0, )",
        "resolved": "10.0.0",
        "contentHash": "06yN/NR9bOM7GjUR1hnucciiK8nrr0bs7MP6RKCdHQp5BCcR4P9zemtlz6aznJms1xvybPzKwESTtoC6XMAPQQ==",
        "dependencies": {
          "Microsoft.EntityFrameworkCore": "10.0.0",
          "Microsoft.Extensions.Caching.Memory": "10.0.0",
          "Microsoft.Extensions.Logging": "10.0.0"
        }
      },
      "Microsoft.Extensions.Caching.Memory": {
        "type": "Direct",
        "requested": "[10.0.0, )",
        "resolved": "10.0.0",
        "contentHash": "krK19MKp0BNiR9rpBDW7PKSrTMLVlifS9am3CVc4O1Jq6GWz0o4F+sw5OSL4L3mVd56W8l6JRgghUa2KB51vOw==",
        "dependencies": {
          "Microsoft.Extensions.Caching.Abstractions": "10.0.0",
          "Microsoft.Extensions.DependencyInjection.Abstractions": "10.0.0",
          "Microsoft.Extensions.Logging.Abstractions": "10.0.0",
          "Microsoft.Extensions.Options": "10.0.0",
          "Microsoft.Extensions.Primitives": "10.0.0"
        }
      },
      "Microsoft.Extensions.DependencyInjection": {
        "type": "Direct",
        "requested": "[10.0.0, )",
        "resolved": "10.0.0",
        "contentHash": "f0RBabswJq+gRu5a+hWIobrLWiUYPKMhCD9WO3sYBAdSy3FFH14LMvLVFZc2kPSCimBLxSuitUhsd6tb0TAY6A==",
        "dependencies": {
          "Microsoft.Extensions.DependencyInjection.Abstractions": "10.0.0"
        }
      },
      "Microsoft.NET.Test.Sdk": {
        "type": "Direct",
        "requested": "[18.3.0, )",
        "resolved": "18.3.0",
        "contentHash": "xW3kXuWRQtgoxJp4J+gdhHSQyK+6Wb/AZDSd7lMvuMRYlZ1tnpkojyfZlWilB5G4dmZ0Y0ZxU/M23TlubndNkw==",
        "dependencies": {
          "Microsoft.CodeCoverage": "18.3.0",
          "Microsoft.TestPlatform.TestHost": "18.3.0"
        }
      },
      "Shouldly": {
        "type": "Direct",
        "requested": "[4.3.0, )",
        "resolved": "4.3.0",
        "contentHash": "sDetrWXrl6YXZ4HeLsdBoNk3uIa7K+V4uvIJ+cqdRa5DrFxeTED7VkjoxCuU1kJWpUuBDZz2QXFzSxBtVXLwRQ==",
        "dependencies": {
          "DiffEngine": "11.3.0",
          "EmptyFiles": "4.4.0"
        }
      },
      "xunit.runner.visualstudio": {
        "type": "Direct",
        "requested": "[4.0.0-pre.3, )",
        "resolved": "4.0.0-pre.3",
        "contentHash": "gzXWGOjmjwjJZ6shXMTc+ZT9OMjarr1HaWwfX75uriM/FpcN+HOn+bbIyxO6IoeY3fcmPLpF3/s2vu1swGC5Gg=="
      },
      "xunit.v3": {
        "type": "Direct",
        "requested": "[4.0.0-pre.33, )",
        "resolved": "4.0.0-pre.33",
        "contentHash": "I+3fcLs+ysQoGs0inEudS1IiReBGYfK+j+onKwAvI7YXqYGPskN2F3wPvAPUI2U2EIOrNgP+CHrzSSgJQbb1ag==",
        "dependencies": {
          "xunit.v3.mtp-v2": "[4.0.0-pre.33]"
        }
      },
      "DiffEngine": {
        "type": "Transitive",
        "resolved": "11.3.0",
        "contentHash": "k0ZgZqd09jLZQjR8FyQbSQE86Q7QZnjEzq1LPHtj1R2AoWO8sjV5x+jlSisL7NZAbUOI4y+7Bog8gkr9WIRBGw==",
        "dependencies": {
          "EmptyFiles": "4.4.0",
          "System.Management": "6.0.1"
        }
      },
      "EmptyFiles": {
        "type": "Transitive",
        "resolved": "4.4.0",
        "contentHash": "gwJEfIGS7FhykvtZoscwXj/XwW+mJY6UbAZk+qtLKFUGWC95kfKXnj8VkxsZQnWBxJemM/q664rGLN5nf+OHZw=="
      },
      "Microsoft.ApplicationInsights": {
        "type": "Transitive",
        "resolved": "2.23.0",
        "contentHash": "nWArUZTdU7iqZLycLKWe0TDms48KKGE6pONH2terYNa8REXiqixrMOkf1sk5DHGMaUTqONU2YkS4SAXBhLStgw=="
      },
      "Microsoft.Bcl.AsyncInterfaces": {
        "type": "Transitive",
        "resolved": "6.0.0",
        "contentHash": "UcSjPsst+DfAdJGVDsu346FX0ci0ah+lw3WRtn18NUwEqRt70HaOQ7lI72vy3+1LxtqI3T5GWwV39rQSrCzAeg=="
      },
      "Microsoft.CodeCoverage": {
        "type": "Transitive",
        "resolved": "18.3.0",
        "contentHash": "23BNy/vziREC20Wwhb50K7+kZe0m07KlLWDQv4qjJ9tt3QjpDpDIqJFrhYHmMEo9xDkuSp55U/8h4bMF7MiB+g=="
      },
      "Microsoft.Data.Sqlite.Core": {
        "type": "Transitive",
        "resolved": "10.0.0",
        "contentHash": "wPKG/Ym6tSMCo06UOZXzVfeFGzawnOZrTba/R3PfK+RhNuNELZ9I7nFns4WGTtv2kKlrlmmErgJ+kgTXHaNdHg==",
        "dependencies": {
          "SQLitePCLRaw.core": "2.1.11"
        }
      },
      "Microsoft.EntityFrameworkCore.Abstractions": {
        "type": "Transitive",
        "resolved": "10.0.0",
        "contentHash": "C+TT9k7f1GQ8agOfV512K9iwrzi76RXVSDiLx+iWC9pz3QhEpSF1Dyk+FpVvd8ULQ+rqymfM8KQ7g48ttQVyMg=="
      },
      "Microsoft.EntityFrameworkCore.Analyzers": {
        "type": "Transitive",
        "resolved": "10.0.0",
        "contentHash": "TxHQq0kn0tpYs2ljeRl8jtmWk720B0nteqI6mAZM77HWJpYT9Zj8SkkBBlj8K3Yeq18a6NBjz6YutE+shEk4Ag=="
      },
      "Microsoft.EntityFrameworkCore.Relational": {
        "type": "Transitive",
        "resolved": "10.0.0",
        "contentHash": "A3MX1ee7RDxWCUdx/KqP+74fbksz0UIhkVZh56YHvbPkEKsffCXgHU3LGkRDwqR/MrBNWLCWC/IVX79tzM30ZA==",
        "dependencies": {
          "Microsoft.EntityFrameworkCore": "10.0.0",
          "Microsoft.Extensions.Caching.Memory": "10.0.0",
          "Microsoft.Extensions.Configuration.Abstractions": "10.0.0",
          "Microsoft.Extensions.Logging": "10.0.0"
        }
      },
      "Microsoft.EntityFrameworkCore.Sqlite.Core": {
        "type": "Transitive",
        "resolved": "10.0.0",
        "contentHash": "VThKv9UqVxFEuuHvjAgMwy6ZFCeKJXOH+ISAR4IMuwlkozv26ptZhr09+6YxWrWwSR/Sinp8BxQ7qePCJFSALQ==",
        "dependencies": {
          "Microsoft.Data.Sqlite.Core": "10.0.0",
          "Microsoft.EntityFrameworkCore.Relational": "10.0.0",
          "Microsoft.Extensions.Caching.Memory": "10.0.0",
          "Microsoft.Extensions.Configuration.Abstractions": "10.0.0",
          "Microsoft.Extensions.DependencyModel": "10.0.0",
          "Microsoft.Extensions.Logging": "10.0.0",
          "SQLitePCLRaw.core": "2.1.11"
        }
      },
      "Microsoft.Extensions.Caching.Abstractions": {
        "type": "Transitive",
        "resolved": "10.0.0",
        "contentHash": "Zcoy6H9mSoGyvr7UvlGokEZrlZkcPCICPZr8mCsSt9U/N8eeCwCXwKF5bShdA66R0obxBCwP4AxomQHvVkC/uA==",
        "dependencies": {
          "Microsoft.Extensions.Primitives": "10.0.0"
        }
      },
      "Microsoft.Extensions.Configuration.Abstractions": {
        "type": "Transitive",
        "resolved": "10.0.0",
        "contentHash": "d2kDKnCsJvY7mBVhcjPSp9BkJk48DsaHPg5u+Oy4f8XaOqnEedRy/USyvnpHL92wpJ6DrTPy7htppUUzskbCXQ==",
        "dependencies": {
          "Microsoft.Extensions.Primitives": "10.0.0"
        }
      },
      "Microsoft.Extensions.DependencyModel": {
        "type": "Transitive",
        "resolved": "10.0.0",
        "contentHash": "RFYJR7APio/BiqdQunRq6DB+nDB6nc2qhHr77mlvZ0q0BT8PubMXN7XicmfzCbrDE/dzhBnUKBRXLTcqUiZDGg=="
      },
      "Microsoft.Extensions.Logging": {
        "type": "Transitive",
        "resolved": "10.0.0",
        "contentHash": "BStFkd5CcnEtarlcgYDBcFzGYCuuNMzPs02wN3WBsOFoYIEmYoUdAiU+au6opzoqfTYJsMTW00AeqDdnXH2CvA==",
        "dependencies": {
          "Microsoft.Extensions.DependencyInjection": "10.0.0",
          "Microsoft.Extensions.Logging.Abstractions": "10.0.0",
          "Microsoft.Extensions.Options": "10.0.0"
        }
      },
      "Microsoft.Extensions.Primitives": {
        "type": "Transitive",
        "resolved": "10.0.0",
        "contentHash": "inRnbpCS0nwO/RuoZIAqxQUuyjaknOOnCEZB55KSMMjRhl0RQDttSmLSGsUJN3RQ3ocf5NDLFd2mOQViHqMK5w=="
      },
      "Microsoft.Testing.Extensions.Telemetry": {
        "type": "Transitive",
        "resolved": "2.1.0",
        "contentHash": "5TwgTx2u7k9Al/xbZ18QXq4Hdy2xewkVTI6K3sk+jY2ykqUkIKNuj7rFu3GOV5KnEUkevhw6eZcyZs77STHJIA==",
        "dependencies": {
          "Microsoft.ApplicationInsights": "2.23.0",
          "Microsoft.Testing.Platform": "2.1.0"
        }
      },
      "Microsoft.Testing.Extensions.TrxReport.Abstractions": {
        "type": "Transitive",
        "resolved": "2.1.0",
        "contentHash": "D8xmIJYQFJ6D49Rx5/vPrkZZxb338Jkew+eSqZLBfBiWKw4QZKy3i1BOXiLfz0lOmaNErwDz/YWRojCdNl+B9Q==",
        "dependencies": {
          "Microsoft.Testing.Platform": "2.1.0"
        }
      },
      "Microsoft.Testing.Platform": {
        "type": "Transitive",
        "resolved": "2.1.0",
        "contentHash": "aHkjNTGIA+Zbdw6RJgSFrbDrCjO0CgqpElqYcvkRSeUhBv2bKarnvU3ep786U7UqrPlArT/B7VmImRibJD0Zrg=="
      },
      "Microsoft.Testing.Platform.MSBuild": {
        "type": "Transitive",
        "resolved": "2.1.0",
        "contentHash": "UpfPebXQtHGrWz21+YLHmJSm+5zsuPE9U9pfdCtoB+67g75fDmWlNgpkH2ZmdVhSwkjNIed9Icg8Iu63z2ei5Q==",
        "dependencies": {
          "Microsoft.Testing.Platform": "2.1.0"
        }
      },
      "Microsoft.TestPlatform.ObjectModel": {
        "type": "Transitive",
        "resolved": "18.3.0",
        "contentHash": "AEIEX2aWdPO9XbtR96eBaJxmXRD9vaI9uQ1T/JbPEKlTAZwYx0ZrMzKyULMdh/HH9Sg03kXCoN7LszQ90o6nPQ=="
      },
      "Microsoft.TestPlatform.TestHost": {
        "type": "Transitive",
        "resolved": "18.3.0",
        "contentHash": "twmsoelXnp1uWMU3VGip9f0Jr1mZ0PZqgJdF35CIrdYgYrkHIJMV1m8uKyhcdjLdsQDESHAgkR7KhS9i1qpJag==",
        "dependencies": {
          "Microsoft.TestPlatform.ObjectModel": "18.3.0",
          "Newtonsoft.Json": "13.0.3"
        }
      },
      "Microsoft.Win32.Registry": {
        "type": "Transitive",
        "resolved": "5.0.0",
        "contentHash": "dDoKi0PnDz31yAyETfRntsLArTlVAVzUzCIvvEDsDsucrl33Dl8pIJG06ePTJTI3tGpeyHS9Cq7Foc/s4EeKcg=="
      },
      "Newtonsoft.Json": {
        "type": "Transitive",
        "resolved": "13.0.3",
        "contentHash": "HrC5BXdl00IP9zeV+0Z848QWPAoCr9P3bDEZguI+gkLcBKAOxix/tLEAAHC+UvDNPv4a2d18lOReHMOagPa+zQ=="
      },
      "SQLitePCLRaw.bundle_e_sqlite3": {
        "type": "Transitive",
        "resolved": "2.1.11",
        "contentHash": "DC4nA7yWnf4UZdgJDF+9Mus4/cb0Y3Sfgi3gDnAoKNAIBwzkskNAbNbyu+u4atT0ruVlZNJfwZmwiEwE5oz9LQ==",
        "dependencies": {
          "SQLitePCLRaw.lib.e_sqlite3": "2.1.11",
          "SQLitePCLRaw.provider.e_sqlite3": "2.1.11"
        }
      },
      "SQLitePCLRaw.core": {
        "type": "Transitive",
        "resolved": "2.1.11",
        "contentHash": "PK0GLFkfhZzLQeR3PJf71FmhtHox+U3vcY6ZtswoMjrefkB9k6ErNJEnwXqc5KgXDSjige2XXrezqS39gkpQKA=="
      },
      "SQLitePCLRaw.lib.e_sqlite3": {
        "type": "Transitive",
        "resolved": "2.1.11",
        "contentHash": "Ev2ytaXiOlWZ4b3R67GZBsemTINslLD1DCJr2xiacpn4tbapu0Q4dHEzSvZSMnVWeE5nlObU3VZN2p81q3XOYQ=="
      },
      "SQLitePCLRaw.provider.e_sqlite3": {
        "type": "Transitive",
        "resolved": "2.1.11",
        "contentHash": "Y/0ZkR+r0Cg3DQFuCl1RBnv/tmxpIZRU3HUvelPw6MVaKHwYYR8YNvgs0vuNuXCMvlyJ+Fh88U1D4tah1tt6qw==",
        "dependencies": {
          "SQLitePCLRaw.core": "2.1.11"
        }
      },
      "System.CodeDom": {
        "type": "Transitive",
        "resolved": "6.0.0",
        "contentHash": "CPc6tWO1LAer3IzfZufDBRL+UZQcj5uS207NHALQzP84Vp/z6wF0Aa0YZImOQY8iStY0A2zI/e3ihKNPfUm8XA=="
      },
      "System.Management": {
        "type": "Transitive",
        "resolved": "6.0.1",
        "contentHash": "10J1D0h/lioojphfJ4Fuh5ZUThT/xOVHdV9roGBittKKNP2PMjrvibEdbVTGZcPra1399Ja3tqIJLyQrc5Wmhg==",
        "dependencies": {
          "System.CodeDom": "6.0.0"
        }
      },
      "System.Security.AccessControl": {
        "type": "Transitive",
        "resolved": "6.0.1",
        "contentHash": "IQ4NXP/B3Ayzvw0rDQzVTYsCKyy0Jp9KI6aYcK7UnGVlR9+Awz++TIPCQtPYfLJfOpm8ajowMR09V7quD3sEHw=="
      },
      "xunit.analyzers": {
        "type": "Transitive",
        "resolved": "2.0.0-pre.9",
        "contentHash": "jtfkxgz8boHWwt1K9QfSM8iMMdiKSrmMAtMnAqOgwL3z4F2gVaU4RLH2OfV+mNV27Bo0uTtxYZ0lUzSrk2y6tg=="
      },
      "xunit.v3.assert": {
        "type": "Transitive",
        "resolved": "4.0.0-pre.33",
        "contentHash": "mpm7rGtHMrkPxrMqEvfYJosXCjjtBQwjmRpqiN/zyNSAi27L2/a23OBeqhByn1A8JMZ1BxZmbxHiX7LtagibTA=="
      },
      "xunit.v3.common": {
        "type": "Transitive",
        "resolved": "4.0.0-pre.33",
        "contentHash": "Xyhfrey+wrItB45OqQKY7IdbqcpQKUFyIe41SzlZvXxDSEI7/dkVD8nQpgPlh0wlLZWbWu+/8SxxFkBJWAlj6w==",
        "dependencies": {
          "Microsoft.Bcl.AsyncInterfaces": "6.0.0"
        }
      },
      "xunit.v3.core.mtp-v2": {
        "type": "Transitive",
        "resolved": "4.0.0-pre.33",
        "contentHash": "peKD3q/f23PNRZk+ekMI1j+qpBe9SwUsdJTh2RRWJoIjt8q3pLfeVOwYTy2qITVlu1CNSMEWXshYa0lRJp8EWQ==",
        "dependencies": {
          "Microsoft.Testing.Extensions.Telemetry": "2.1.0",
          "Microsoft.Testing.Extensions.TrxReport.Abstractions": "2.1.0",
          "Microsoft.Testing.Platform": "2.1.0",
          "Microsoft.Testing.Platform.MSBuild": "2.1.0",
          "xunit.v3.extensibility.core": "[4.0.0-pre.33]",
          "xunit.v3.runner.inproc.console": "[4.0.0-pre.33]"
        }
      },
      "xunit.v3.extensibility.core": {
        "type": "Transitive",
        "resolved": "4.0.0-pre.33",
        "contentHash": "j5aHPZb3VsIV9TxMHI57WGb+CaCwfbG5tjZwR106t0sJKiyJublstnsd+jcZusCceC5xSPS+gNWFfVZ6IAXPng==",
        "dependencies": {
          "xunit.v3.common": "[4.0.0-pre.33]"
        }
      },
      "xunit.v3.mtp-v2": {
        "type": "Transitive",
        "resolved": "4.0.0-pre.33",
        "contentHash": "kMVFHngfLPYo9I8QysqlaXyCG5+IKt6YGsi0/WKjCPFx2RdTtRQu6GTJ/u9/CM8wfJWvLr5cXwcK0UxPNBeiDg==",
        "dependencies": {
          "xunit.analyzers": "2.0.0-pre.9",
          "xunit.v3.assert": "[4.0.0-pre.33]",
          "xunit.v3.core.mtp-v2": "[4.0.0-pre.33]"
        }
      },
      "xunit.v3.runner.common": {
        "type": "Transitive",
        "resolved": "4.0.0-pre.33",
        "contentHash": "37c0fDISa3/06GXgA8wURdEIR2+l2onNUUTCrYofK5nWDPpq7xuKqthfJ7dFsjgAbqrgPYhdVuOX2DYUs3hOnw==",
        "dependencies": {
          "Microsoft.Win32.Registry": "[5.0.0]",
          "System.Security.AccessControl": "[6.0.1]",
          "xunit.v3.common": "[4.0.0-pre.33]"
        }
      },
      "xunit.v3.runner.inproc.console": {
        "type": "Transitive",
        "resolved": "4.0.0-pre.33",
        "contentHash": "nlsmDxwNjprr+3I/3cild2o0JklihpKWGXQFyv0zPyhfrgFY3THxikIyJ6tF3wYa9J8VkTJSYHmLYxV9IyGSVg==",
        "dependencies": {
          "xunit.v3.extensibility.core": "[4.0.0-pre.33]",
          "xunit.v3.runner.common": "[4.0.0-pre.33]"
        }
      },
      "chengyuan.auditing.abstractions": {
        "type": "Project"
      },
      "chengyuan.auditing.runtime": {
        "type": "Project",
        "dependencies": {
          "ChengYuan.Auditing.Abstractions": "[0.2.10-local, )",
          "ChengYuan.Core": "[0.2.10-local, )",
          "ChengYuan.ExecutionContext.Runtime": "[0.2.10-local, )",
          "ChengYuan.MultiTenancy.Runtime": "[0.2.10-local, )"
        }
      },
      "chengyuan.auditlogging.application": {
        "type": "Project",
        "dependencies": {
          "ChengYuan.AuditLogging.Contracts": "[0.2.10-local, )",
          "ChengYuan.Auditing.Runtime": "[0.2.10-local, )",
          "ChengYuan.Core": "[0.2.10-local, )"
        }
      },
      "chengyuan.auditlogging.contracts": {
        "type": "Project"
      },
      "chengyuan.auditlogging.persistence": {
        "type": "Project",
        "dependencies": {
          "ChengYuan.AuditLogging.Application": "[0.2.10-local, )",
          "ChengYuan.EntityFrameworkCore": "[0.2.10-local, )"
        }
      },
      "chengyuan.authorization.abstractions": {
        "type": "Project"
      },
      "chengyuan.authorization.runtime": {
        "type": "Project",
        "dependencies": {
          "ChengYuan.Authorization.Abstractions": "[0.2.10-local, )",
          "ChengYuan.Core": "[0.2.10-local, )",
          "ChengYuan.ExecutionContext.Runtime": "[0.2.10-local, )",
          "ChengYuan.MultiTenancy.Runtime": "[0.2.10-local, )"
        }
      },
      "chengyuan.caching.abstractions": {
        "type": "Project"
      },
      "chengyuan.caching.memory": {
        "type": "Project",
        "dependencies": {
          "ChengYuan.Caching.Runtime": "[0.2.10-local, )",
          "Microsoft.Extensions.Caching.Memory": "[10.0.0, )"
        }
      },
      "chengyuan.caching.runtime": {
        "type": "Project",
        "dependencies": {
          "ChengYuan.Caching.Abstractions": "[0.2.10-local, )",
          "ChengYuan.Core": "[0.2.10-local, )",
          "ChengYuan.MultiTenancy.Runtime": "[0.2.10-local, )"
        }
      },
      "chengyuan.clihost": {
        "type": "Project",
        "dependencies": {
          "ChengYuan.AuditLogging.Persistence": "[0.2.10-local, )",
          "ChengYuan.Caching.Memory": "[0.2.10-local, )",
          "ChengYuan.Core": "[0.2.10-local, )",
          "ChengYuan.Data.Sqlite": "[0.2.10-local, )",
          "ChengYuan.ExecutionContext.Runtime": "[0.2.10-local, )",
          "ChengYuan.FeatureManagement.Persistence": "[0.2.10-local, )",
          "ChengYuan.Identity.Persistence": "[0.2.10-local, )",
          "ChengYuan.MultiTenancy.Runtime": "[0.2.10-local, )",
          "ChengYuan.PermissionManagement.Persistence": "[0.2.10-local, )",
          "ChengYuan.SettingManagement.Persistence": "[0.2.10-local, )",
          "ChengYuan.TenantManagement.Persistence": "[0.2.10-local, )",
          "Microsoft.EntityFrameworkCore.InMemory": "[10.0.0, )",
          "Microsoft.Extensions.DependencyInjection": "[10.0.0, )"
        }
      },
      "chengyuan.core": {
        "type": "Project",
        "dependencies": {
          "Microsoft.Extensions.DependencyInjection.Abstractions": "[10.0.0, )",
          "Microsoft.Extensions.Logging.Abstractions": "[10.0.0, )",
          "Microsoft.Extensions.Options": "[10.0.0, )"
        }
      },
      "chengyuan.data.sqlite": {
        "type": "Project",
        "dependencies": {
          "ChengYuan.EntityFrameworkCore": "[0.2.10-local, )",
          "Microsoft.EntityFrameworkCore.Sqlite": "[10.0.0, )"
        }
      },
      "chengyuan.entityframeworkcore": {
        "type": "Project",
        "dependencies": {
          "ChengYuan.Core": "[0.2.10-local, )",
          "Microsoft.EntityFrameworkCore": "[10.0.0, )"
        }
      },
      "chengyuan.executioncontext.abstractions": {
        "type": "Project"
      },
      "chengyuan.executioncontext.runtime": {
        "type": "Project",
        "dependencies": {
          "ChengYuan.Core": "[0.2.10-local, )",
          "ChengYuan.ExecutionContext.Abstractions": "[0.2.10-local, )"
        }
      },
      "chengyuan.featuremanagement.application": {
        "type": "Project",
        "dependencies": {
          "ChengYuan.Core": "[0.2.10-local, )",
          "ChengYuan.FeatureManagement.Contracts": "[0.2.10-local, )",
          "ChengYuan.Features.Runtime": "[0.2.10-local, )"
        }
      },
      "chengyuan.featuremanagement.contracts": {
        "type": "Project",
        "dependencies": {
          "ChengYuan.Features.Abstractions": "[0.2.10-local, )"
        }
      },
      "chengyuan.featuremanagement.persistence": {
        "type": "Project",
        "dependencies": {
          "ChengYuan.EntityFrameworkCore": "[0.2.10-local, )",
          "ChengYuan.FeatureManagement.Application": "[0.2.10-local, )"
        }
      },
      "chengyuan.features.abstractions": {
        "type": "Project"
      },
      "chengyuan.features.runtime": {
        "type": "Project",
        "dependencies": {
          "ChengYuan.Core": "[0.2.10-local, )",
          "ChengYuan.ExecutionContext.Runtime": "[0.2.10-local, )",
          "ChengYuan.Features.Abstractions": "[0.2.10-local, )",
          "ChengYuan.MultiTenancy.Runtime": "[0.2.10-local, )"
        }
      },
      "chengyuan.identity.application": {
        "type": "Project",
        "dependencies": {
          "ChengYuan.Core": "[0.2.10-local, )",
          "ChengYuan.Identity.Contracts": "[0.2.10-local, )",
          "ChengYuan.Identity.Domain": "[0.2.10-local, )"
        }
      },
      "chengyuan.identity.contracts": {
        "type": "Project"
      },
      "chengyuan.identity.domain": {
        "type": "Project",
        "dependencies": {
          "ChengYuan.Core": "[0.2.10-local, )",
          "ChengYuan.Identity.Contracts": "[0.2.10-local, )"
        }
      },
      "chengyuan.identity.persistence": {
        "type": "Project",
        "dependencies": {
          "ChengYuan.EntityFrameworkCore": "[0.2.10-local, )",
          "ChengYuan.Identity.Application": "[0.2.10-local, )",
          "ChengYuan.Identity.Domain": "[0.2.10-local, )"
        }
      },
      "chengyuan.identity.web": {
        "type": "Project",
        "dependencies": {
          "ChengYuan.Core": "[0.2.10-local, )",
          "ChengYuan.Identity.Application": "[0.2.10-local, )"
        }
      },
      "chengyuan.multitenancy.abstractions": {
        "type": "Project"
      },
      "chengyuan.multitenancy.runtime": {
        "type": "Project",
        "dependencies": {
          "ChengYuan.Core": "[0.2.10-local, )",
          "ChengYuan.ExecutionContext.Runtime": "[0.2.10-local, )",
          "ChengYuan.MultiTenancy.Abstractions": "[0.2.10-local, )"
        }
      },
      "chengyuan.outbox.abstractions": {
        "type": "Project"
      },
      "chengyuan.outbox.persistence": {
        "type": "Project",
        "dependencies": {
          "ChengYuan.Core": "[0.2.10-local, )",
          "ChengYuan.Outbox.Runtime": "[0.2.10-local, )"
        }
      },
      "chengyuan.outbox.runtime": {
        "type": "Project",
        "dependencies": {
          "ChengYuan.Core": "[0.2.10-local, )",
          "ChengYuan.ExecutionContext.Runtime": "[0.2.10-local, )",
          "ChengYuan.MultiTenancy.Runtime": "[0.2.10-local, )",
          "ChengYuan.Outbox.Abstractions": "[0.2.10-local, )"
        }
      },
      "chengyuan.outbox.worker": {
        "type": "Project",
        "dependencies": {
          "ChengYuan.Core": "[0.2.10-local, )",
          "ChengYuan.Outbox.Persistence": "[0.2.10-local, )"
        }
      },
      "chengyuan.permissionmanagement.application": {
        "type": "Project",
        "dependencies": {
          "ChengYuan.Authorization.Runtime": "[0.2.10-local, )",
          "ChengYuan.Core": "[0.2.10-local, )",
          "ChengYuan.PermissionManagement.Contracts": "[0.2.10-local, )"
        }
      },
      "chengyuan.permissionmanagement.contracts": {
        "type": "Project",
        "dependencies": {
          "ChengYuan.Authorization.Abstractions": "[0.2.10-local, )"
        }
      },
      "chengyuan.permissionmanagement.persistence": {
        "type": "Project",
        "dependencies": {
          "ChengYuan.EntityFrameworkCore": "[0.2.10-local, )",
          "ChengYuan.PermissionManagement.Application": "[0.2.10-local, )"
        }
      },
      "chengyuan.settingmanagement.application": {
        "type": "Project",
        "dependencies": {
          "ChengYuan.Core": "[0.2.10-local, )",
          "ChengYuan.SettingManagement.Contracts": "[0.2.10-local, )",
          "ChengYuan.Settings.Runtime": "[0.2.10-local, )"
        }
      },
      "chengyuan.settingmanagement.contracts": {
        "type": "Project",
        "dependencies": {
          "ChengYuan.Settings.Abstractions": "[0.2.10-local, )"
        }
      },
      "chengyuan.settingmanagement.persistence": {
        "type": "Project",
        "dependencies": {
          "ChengYuan.EntityFrameworkCore": "[0.2.10-local, )",
          "ChengYuan.SettingManagement.Application": "[0.2.10-local, )"
        }
      },
      "chengyuan.settings.abstractions": {
        "type": "Project"
      },
      "chengyuan.settings.runtime": {
        "type": "Project",
        "dependencies": {
          "ChengYuan.Core": "[0.2.10-local, )",
          "ChengYuan.ExecutionContext.Runtime": "[0.2.10-local, )",
          "ChengYuan.MultiTenancy.Runtime": "[0.2.10-local, )",
          "ChengYuan.Settings.Abstractions": "[0.2.10-local, )"
        }
      },
      "chengyuan.tenantmanagement.application": {
        "type": "Project",
        "dependencies": {
          "ChengYuan.Core": "[0.2.10-local, )",
          "ChengYuan.MultiTenancy.Runtime": "[0.2.10-local, )",
          "ChengYuan.TenantManagement.Contracts": "[0.2.10-local, )"
        }
      },
      "chengyuan.tenantmanagement.contracts": {
        "type": "Project",
        "dependencies": {
          "ChengYuan.MultiTenancy.Abstractions": "[0.2.10-local, )"
        }
      },
      "chengyuan.tenantmanagement.persistence": {
        "type": "Project",
        "dependencies": {
          "ChengYuan.EntityFrameworkCore": "[0.2.10-local, )",
          "ChengYuan.TenantManagement.Application": "[0.2.10-local, )"
        }
      },
      "chengyuan.webhost": {
        "type": "Project",
        "dependencies": {
          "ChengYuan.AuditLogging.Persistence": "[0.2.10-local, )",
          "ChengYuan.Caching.Memory": "[0.2.10-local, )",
          "ChengYuan.Core": "[0.2.10-local, )",
          "ChengYuan.Data.Sqlite": "[0.2.10-local, )",
          "ChengYuan.ExecutionContext.Runtime": "[0.2.10-local, )",
          "ChengYuan.FeatureManagement.Persistence": "[0.2.10-local, )",
          "ChengYuan.Identity.Persistence": "[0.2.10-local, )",
          "ChengYuan.Identity.Web": "[0.2.10-local, )",
          "ChengYuan.MultiTenancy.Runtime": "[0.2.10-local, )",
          "ChengYuan.PermissionManagement.Persistence": "[0.2.10-local, )",
          "ChengYuan.SettingManagement.Persistence": "[0.2.10-local, )",
          "ChengYuan.TenantManagement.Persistence": "[0.2.10-local, )",
          "Microsoft.EntityFrameworkCore.InMemory": "[10.0.0, )"
        }
      },
      "Microsoft.EntityFrameworkCore": {
        "type": "CentralTransitive",
        "requested": "[10.0.0, )",
        "resolved": "10.0.0",
        "contentHash": "hHa2amRjMyBLUH/KTML6FgIAhZ0VFYkhCKwWEax0rO6iNeM1P5MflyeQLE5dniSIOZHc3Oqyv5UIyTFO4e1Auw==",
        "dependencies": {
          "Microsoft.EntityFrameworkCore.Abstractions": "10.0.0",
          "Microsoft.EntityFrameworkCore.Analyzers": "10.0.0",
          "Microsoft.Extensions.Caching.Memory": "10.0.0",
          "Microsoft.Extensions.Logging": "10.0.0"
        }
      },
      "Microsoft.EntityFrameworkCore.Sqlite": {
        "type": "CentralTransitive",
        "requested": "[10.0.0, )",
        "resolved": "10.0.0",
        "contentHash": "nukHe+yBlhitLUUtkanay7zTbHwtcIh/U5PfmwzZJJTCqui9h2Mt+Gifc9ZjJR7QIuE0zgNQQJaI8+eFxkBaEQ==",
        "dependencies": {
          "Microsoft.EntityFrameworkCore.Sqlite.Core": "10.0.0",
          "Microsoft.Extensions.Caching.Memory": "10.0.0",
          "Microsoft.Extensions.Configuration.Abstractions": "10.0.0",
          "Microsoft.Extensions.DependencyModel": "10.0.0",
          "Microsoft.Extensions.Logging": "10.0.0",
          "SQLitePCLRaw.bundle_e_sqlite3": "2.1.11",
          "SQLitePCLRaw.core": "2.1.11"
        }
      },
      "Microsoft.Extensions.DependencyInjection.Abstractions": {
        "type": "CentralTransitive",
        "requested": "[10.0.0, )",
        "resolved": "10.0.0",
        "contentHash": "L3AdmZ1WOK4XXT5YFPEwyt0ep6l8lGIPs7F5OOBZc77Zqeo01Of7XXICy47628sdVl0v/owxYJTe86DTgFwKCA=="
      },
      "Microsoft.Extensions.Logging.Abstractions": {
        "type": "CentralTransitive",
        "requested": "[10.0.0, )",
        "resolved": "10.0.0",
        "contentHash": "FU/IfjDfwaMuKr414SSQNTIti/69bHEMb+QKrskRb26oVqpx3lNFXMjs/RC9ZUuhBhcwDM2BwOgoMw+PZ+beqQ==",
        "dependencies": {
          "Microsoft.Extensions.DependencyInjection.Abstractions": "10.0.0"
        }
      },
      "Microsoft.Extensions.Options": {
        "type": "CentralTransitive",
        "requested": "[10.0.0, )",
        "resolved": "10.0.0",
        "contentHash": "8oCAgXOow5XDrY9HaXX1QmH3ORsyZO/ANVHBlhLyCeWTH5Sg4UuqZeOTWJi6484M+LqSx0RqQXDJtdYy2BNiLQ==",
        "dependencies": {
          "Microsoft.Extensions.DependencyInjection.Abstractions": "10.0.0",
          "Microsoft.Extensions.Primitives": "10.0.0"
        }
      }
    }
  }
}