{
  "version": 2,
  "dependencies": {
    "net10.0": {
      "chengyuan.core": {
        "type": "Project"
      },
      "chengyuan.executioncontext": {
        "type": "Project",
        "dependencies": {
          "ChengYuan.Core": "[0.2.10-local, )"
        }
      },
      "chengyuan.features": {
        "type": "Project",
        "dependencies": {
          "ChengYuan.Core": "[0.2.10-local, )",
          "ChengYuan.ExecutionContext": "[0.2.10-local, )",
          "ChengYuan.MultiTenancy": "[0.2.10-local, )"
        }
      },
      "chengyuan.multitenancy": {
        "type": "Project",
        "dependencies": {
          "ChengYuan.Core": "[0.2.10-local, )",
          "ChengYuan.ExecutionContext": "[0.2.10-local, )"
        }
      }
    }
  }
}