{
  "version": 2,
  "dependencies": {
    "net10.0": {
      "Asp.Versioning.Http": {
        "type": "Direct",
        "requested": "[8.1.1, )",
        "resolved": "8.1.1",
        "contentHash": "1D/Mzq1MSUSQe1eCY6GeEsu+tIlpzoWZxZkhlcw/uvtVoTrwO+BMl0fSj/XX8oZN1DutWTZqHDHgyDRq+IeSdQ==",
        "dependencies": {
          "Asp.Versioning.Abstractions": "8.1.0"
        }
      },
      "Microsoft.AspNetCore.Authentication.JwtBearer": {
        "type": "Direct",
        "requested": "[10.0.5, )",
        "resolved": "10.0.5",
        "contentHash": "fZzXogChrwQ/SfifQJgeW7AtR8hUv5+LH9oLWjm5OqfnVt3N8MwcMHHMdawvqqdjP79lIZgetnSpj77BLsSI1g==",
        "dependencies": {
          "Microsoft.IdentityModel.Protocols.OpenIdConnect": "8.0.1"
        }
      },
      "Microsoft.AspNetCore.OpenApi": {
        "type": "Direct",
        "requested": "[10.0.5, )",
        "resolved": "10.0.5",
        "contentHash": "vTcxIfOPyfFbYk1g8YcXJfkMnlEWVkSnnjxcZLy60zgwiHMRf2SnZR+9E4HlpwKxgE3yfKMOti8J6WfKuKsw6w==",
        "dependencies": {
          "Microsoft.OpenApi": "2.0.0"
        }
      },
      "Microsoft.EntityFrameworkCore.InMemory": {
        "type": "Direct",
        "requested": "[10.0.5, )",
        "resolved": "10.0.5",
        "contentHash": "zz4THzlDOrJ7fKU2YUOzQFs2LJ9DgOSr5xFXcDdoD59el73MTQLtQQOAJxQ94F4XDegyL9+2sePSQGdcU25ZxQ==",
        "dependencies": {
          "Microsoft.EntityFrameworkCore": "10.0.5"
        }
      },
      "OpenTelemetry.Exporter.OpenTelemetryProtocol": {
        "type": "Direct",
        "requested": "[1.15.2, )",
        "resolved": "1.15.2",
        "contentHash": "qHAkKEGQ0REcwFP/gmldTbo3NxgG+0R6od5N7ndyXuJYqWRaWF38bko0KQkK57skSapMUXS8twQbHNMEEYCKLg==",
        "dependencies": {
          "OpenTelemetry": "1.15.2"
        }
      },
      "OpenTelemetry.Extensions.Hosting": {
        "type": "Direct",
        "requested": "[1.15.2, )",
        "resolved": "1.15.2",
        "contentHash": "T2nEP/lABOab8w8espx5biYGghw8errNlhhMLYmoXEhGT6EGB4CNhZInJPC+tOvlGUGFe54NM3TdSATxebwJ8g==",
        "dependencies": {
          "OpenTelemetry": "1.15.2"
        }
      },
      "OpenTelemetry.Instrumentation.AspNetCore": {
        "type": "Direct",
        "requested": "[1.15.1, )",
        "resolved": "1.15.1",
        "contentHash": "wXaZTu6LHY8xcbRd6ClcrtjHqGVoGYCcArXEZA3iUjUcYSVYwDGyPU0PdkwTfylxv8JeCCVDQhVb0fT7xBJjGA==",
        "dependencies": {
          "OpenTelemetry.Api.ProviderBuilderExtensions": "[1.15.0, 2.0.0)"
        }
      },
      "Serilog.AspNetCore": {
        "type": "Direct",
        "requested": "[9.0.0, )",
        "resolved": "9.0.0",
        "contentHash": "JslDajPlBsn3Pww1554flJFTqROvK9zz9jONNQgn0D8Lx2Trw8L0A8/n6zEQK1DAZWXrJwiVLw8cnTR3YFuYsg==",
        "dependencies": {
          "Serilog": "4.2.0",
          "Serilog.Extensions.Hosting": "9.0.0",
          "Serilog.Formatting.Compact": "3.0.0",
          "Serilog.Settings.Configuration": "9.0.0",
          "Serilog.Sinks.Console": "6.0.0",
          "Serilog.Sinks.Debug": "3.0.0",
          "Serilog.Sinks.File": "6.0.0"
        }
      },
      "Asp.Versioning.Abstractions": {
        "type": "Transitive",
        "resolved": "8.1.0",
        "contentHash": "mpeNZyMdvrHztJwR1sXIUQ+3iioEU97YMBnFA9WLbsPOYhGwDJnqJMmEd8ny7kcmS9OjTHoEuX/bSXXY3brIFA=="
      },
      "Humanizer.Core": {
        "type": "Transitive",
        "resolved": "2.14.1",
        "contentHash": "lQKvtaTDOXnoVJ20ibTuSIOf2i0uO0MPbDhd1jm238I+U/2ZnRENj0cktKZhtchBMtCUSRQ5v4xBCUbKNmyVMw=="
      },
      "Microsoft.Build.Framework": {
        "type": "Transitive",
        "resolved": "18.0.2",
        "contentHash": "sOSb+0J4G/jCBW/YqmRuL0eOMXgfw1KQLdC9TkbvfA5xs7uNm+PBQXJCOzSJGXtZcZrtXozcwxPmUiRUbmd7FA=="
      },
      "Microsoft.CodeAnalysis.Analyzers": {
        "type": "Transitive",
        "resolved": "3.11.0",
        "contentHash": "v/EW3UE8/lbEYHoC2Qq7AR/DnmvpgdtAMndfQNmpuIMx/Mto8L5JnuCfdBYtgvalQOtfNCnxFejxuRrryvUTsg=="
      },
      "Microsoft.CodeAnalysis.Common": {
        "type": "Transitive",
        "resolved": "5.0.0",
        "contentHash": "ZXRAdvH6GiDeHRyd3q/km8Z44RoM6FBWHd+gen/la81mVnAdHTEsEkO5J0TCNXBymAcx5UYKt5TvgKBhaLJEow==",
        "dependencies": {
          "Microsoft.CodeAnalysis.Analyzers": "3.11.0"
        }
      },
      "Microsoft.CodeAnalysis.CSharp": {
        "type": "Transitive",
        "resolved": "5.0.0",
        "contentHash": "5DSyJ9bk+ATuDy7fp2Zt0mJStDVKbBoiz1DyfAwSa+k4H4IwykAUcV3URelw5b8/iVbfSaOwkwmPUZH6opZKCw==",
        "dependencies": {
          "Microsoft.CodeAnalysis.Analyzers": "3.11.0",
          "Microsoft.CodeAnalysis.Common": "[5.0.0]"
        }
      },
      "Microsoft.CodeAnalysis.CSharp.Workspaces": {
        "type": "Transitive",
        "resolved": "5.0.0",
        "contentHash": "Al/Q8B+yO8odSqGVpSvrShMFDvlQdIBU//F3E6Rb0YdiLSALE9wh/pvozPNnfmh5HDnvU+mkmSjpz4hQO++jaA==",
        "dependencies": {
          "Humanizer.Core": "2.14.1",
          "Microsoft.CodeAnalysis.Analyzers": "3.11.0",
          "Microsoft.CodeAnalysis.CSharp": "[5.0.0]",
          "Microsoft.CodeAnalysis.Common": "[5.0.0]",
          "Microsoft.CodeAnalysis.Workspaces.Common": "[5.0.0]",
          "System.Composition": "9.0.0"
        }
      },
      "Microsoft.CodeAnalysis.Workspaces.Common": {
        "type": "Transitive",
        "resolved": "5.0.0",
        "contentHash": "ZbUmIvT6lqTNKiv06Jl5wf0MTMi1vQ1oH7ou4CLcs2C/no/L7EhP3T8y3XXvn9VbqMcJaJnEsNA1jwYUMgc5jg==",
        "dependencies": {
          "Humanizer.Core": "2.14.1",
          "Microsoft.CodeAnalysis.Analyzers": "3.11.0",
          "Microsoft.CodeAnalysis.Common": "[5.0.0]",
          "System.Composition": "9.0.0"
        }
      },
      "Microsoft.CodeAnalysis.Workspaces.MSBuild": {
        "type": "Transitive",
        "resolved": "5.0.0",
        "contentHash": "/G+LVoAGMz6Ae8nm+PGLxSw+F5RjYx/J7irbTO5uKAPw1bxHyQJLc/YOnpDxt+EpPtYxvC9wvBsg/kETZp1F9Q==",
        "dependencies": {
          "Humanizer.Core": "2.14.1",
          "Microsoft.Build.Framework": "17.11.31",
          "Microsoft.CodeAnalysis.Analyzers": "3.11.0",
          "Microsoft.CodeAnalysis.Workspaces.Common": "[5.0.0]",
          "Microsoft.VisualStudio.SolutionPersistence": "1.0.52",
          "Newtonsoft.Json": "13.0.3",
          "System.Composition": "9.0.0"
        }
      },
      "Microsoft.Data.Sqlite.Core": {
        "type": "Transitive",
        "resolved": "10.0.5",
        "contentHash": "jFYXnh7s0RShCw6Vkf+ReGCw+mVi7ISg1YaEzYCJcXnUifmbW+aqvCsRJuSRj2ZuQ+oqetpjxlZtbpMmk5FKqQ==",
        "dependencies": {
          "SQLitePCLRaw.core": "2.1.11"
        }
      },
      "Microsoft.EntityFrameworkCore.Abstractions": {
        "type": "Transitive",
        "resolved": "10.0.5",
        "contentHash": "32c58Rnm47Qvhimawf67KO9PytgPz3QoWye7Abapt0Yocw/JnzMiSNj/pRoIKyn8Jxypkv86zxKD4Q/zNTc0Ag=="
      },
      "Microsoft.EntityFrameworkCore.Analyzers": {
        "type": "Transitive",
        "resolved": "10.0.5",
        "contentHash": "ipC4u1VojgEfoIZhtbS2Sx5IluJTP/Jf1hz3yGsxGBgSukYY/CquI6rAjxn5H58CZgVn36qcuPPtNMwZ0AUzMg=="
      },
      "Microsoft.EntityFrameworkCore.Relational": {
        "type": "Transitive",
        "resolved": "10.0.5",
        "contentHash": "uxmFjZEAB/KbsgWFSS4lLqkEHCfXxB2x0UcbiO4e5fCRpFFeTMSx/me6009nYJLu5IKlDwO1POh++P6RilFTDw==",
        "dependencies": {
          "Microsoft.EntityFrameworkCore": "10.0.5"
        }
      },
      "Microsoft.EntityFrameworkCore.Sqlite.Core": {
        "type": "Transitive",
        "resolved": "10.0.5",
        "contentHash": "rVH43bcUyZiMn0SnCpVnvFpl4PFxT4GwmuVVLcT4JL0NtzuHY9ymKV+Llb5cjuJ+6+gEl4eixy2rE8nxOPcBSA==",
        "dependencies": {
          "Microsoft.Data.Sqlite.Core": "10.0.5",
          "Microsoft.EntityFrameworkCore.Relational": "10.0.5",
          "Microsoft.Extensions.DependencyModel": "10.0.5",
          "SQLitePCLRaw.core": "2.1.11"
        }
      },
      "Microsoft.Extensions.DependencyModel": {
        "type": "Transitive",
        "resolved": "10.0.5",
        "contentHash": "xA4kkL+QS6KCAOKz/O0oquHs44Ob8J7zpBCNt3wjkBWDg5aCqfwG8rWWLsg5V86AM0sB849g9JjPjIdksTCIKg=="
      },
      "Microsoft.IdentityModel.Abstractions": {
        "type": "Transitive",
        "resolved": "8.0.1",
        "contentHash": "OtlIWcyX01olfdevPKZdIPfBEvbcioDyBiE/Z2lHsopsMD7twcKtlN9kMevHmI5IIPhFpfwCIiR6qHQz1WHUIw=="
      },
      "Microsoft.IdentityModel.JsonWebTokens": {
        "type": "Transitive",
        "resolved": "8.0.1",
        "contentHash": "s6++gF9x0rQApQzOBbSyp4jUaAlwm+DroKfL8gdOHxs83k8SJfUXhuc46rDB3rNXBQ1MVRxqKUrqFhO/M0E97g==",
        "dependencies": {
          "Microsoft.IdentityModel.Tokens": "8.0.1"
        }
      },
      "Microsoft.IdentityModel.Logging": {
        "type": "Transitive",
        "resolved": "8.0.1",
        "contentHash": "UCPF2exZqBXe7v/6sGNiM6zCQOUXXQ9+v5VTb9gPB8ZSUPnX53BxlN78v2jsbIvK9Dq4GovQxo23x8JgWvm/Qg==",
        "dependencies": {
          "Microsoft.IdentityModel.Abstractions": "8.0.1"
        }
      },
      "Microsoft.IdentityModel.Protocols": {
        "type": "Transitive",
        "resolved": "8.0.1",
        "contentHash": "uA2vpKqU3I2mBBEaeJAWPTjT9v1TZrGWKdgK6G5qJd03CLx83kdiqO9cmiK8/n1erkHzFBwU/RphP83aAe3i3g==",
        "dependencies": {
          "Microsoft.IdentityModel.Tokens": "8.0.1"
        }
      },
      "Microsoft.IdentityModel.Protocols.OpenIdConnect": {
        "type": "Transitive",
        "resolved": "8.0.1",
        "contentHash": "AQDbfpL+yzuuGhO/mQhKNsp44pm5Jv8/BI4KiFXR7beVGZoSH35zMV3PrmcfvSTsyI6qrcR898NzUauD6SRigg==",
        "dependencies": {
          "Microsoft.IdentityModel.Protocols": "8.0.1",
          "System.IdentityModel.Tokens.Jwt": "8.0.1"
        }
      },
      "Microsoft.IdentityModel.Tokens": {
        "type": "Transitive",
        "resolved": "8.0.1",
        "contentHash": "kDimB6Dkd3nkW2oZPDkMkVHfQt3IDqO5gL0oa8WVy3OP4uE8Ij+8TXnqg9TOd9ufjsY3IDiGz7pCUbnfL18tjg==",
        "dependencies": {
          "Microsoft.IdentityModel.Logging": "8.0.1"
        }
      },
      "Microsoft.OpenApi": {
        "type": "Transitive",
        "resolved": "2.0.0",
        "contentHash": "GGYLfzV/G/ct80OZ45JxnWP7NvMX1BCugn/lX7TH5o0lcVaviavsLMTxmFV2AybXWjbi3h6FF1vgZiTK6PXndw=="
      },
      "Microsoft.VisualStudio.SolutionPersistence": {
        "type": "Transitive",
        "resolved": "1.0.52",
        "contentHash": "oNv2JtYXhpdJrX63nibx1JT3uCESOBQ1LAk7Dtz/sr0+laW0KRM6eKp4CZ3MHDR2siIkKsY8MmUkeP5DKkQQ5w=="
      },
      "Mono.TextTemplating": {
        "type": "Transitive",
        "resolved": "3.0.0",
        "contentHash": "YqueG52R/Xej4VVbKuRIodjiAhV0HR/XVbLbNrJhCZnzjnSjgMJ/dCdV0akQQxavX6hp/LC6rqLGLcXeQYU7XA==",
        "dependencies": {
          "System.CodeDom": "6.0.0"
        }
      },
      "Newtonsoft.Json": {
        "type": "Transitive",
        "resolved": "13.0.3",
        "contentHash": "HrC5BXdl00IP9zeV+0Z848QWPAoCr9P3bDEZguI+gkLcBKAOxix/tLEAAHC+UvDNPv4a2d18lOReHMOagPa+zQ=="
      },
      "OpenTelemetry": {
        "type": "Transitive",
        "resolved": "1.15.2",
        "contentHash": "XwXZR69HnMBwwzvVg6ONRoPl5jeSFJkqOftHLcbSvl9DG6vY1j0OJut3cHu9Vmc5r2zgEDIQclAqpDtbhPNQZA==",
        "dependencies": {
          "OpenTelemetry.Api.ProviderBuilderExtensions": "1.15.2"
        }
      },
      "OpenTelemetry.Api": {
        "type": "Transitive",
        "resolved": "1.15.2",
        "contentHash": "7zeBVUVhVyVjzOUvEj8o+NkpEOKq77zjxH8akZBlN9LjuaSPUW/yV4EJrs393wxSLWC4eun1qwTN9NY21k5ixQ=="
      },
      "OpenTelemetry.Api.ProviderBuilderExtensions": {
        "type": "Transitive",
        "resolved": "1.15.2",
        "contentHash": "+UIz3GpBUrapW5IRnvPGdvVhhvW686lbIcNo/7ENOjB++djsdEsFxILTFYJ673cU0l8Da/OtV+IcE49OKJUM5w==",
        "dependencies": {
          "OpenTelemetry.Api": "1.15.2"
        }
      },
      "Serilog": {
        "type": "Transitive",
        "resolved": "4.2.0",
        "contentHash": "gmoWVOvKgbME8TYR+gwMf7osROiWAURterc6Rt2dQyX7wtjZYpqFiA/pY6ztjGQKKV62GGCyOcmtP1UKMHgSmA=="
      },
      "Serilog.Extensions.Hosting": {
        "type": "Transitive",
        "resolved": "9.0.0",
        "contentHash": "u2TRxuxbjvTAldQn7uaAwePkWxTHIqlgjelekBtilAGL5sYyF3+65NWctN4UrwwGLsDC7c3Vz3HnOlu+PcoxXg==",
        "dependencies": {
          "Serilog": "4.2.0",
          "Serilog.Extensions.Logging": "9.0.0"
        }
      },
      "Serilog.Extensions.Logging": {
        "type": "Transitive",
        "resolved": "9.0.0",
        "contentHash": "NwSSYqPJeKNzl5AuXVHpGbr6PkZJFlNa14CdIebVjK3k/76kYj/mz5kiTRNVSsSaxM8kAIa1kpy/qyT9E4npRQ==",
        "dependencies": {
          "Serilog": "4.2.0"
        }
      },
      "Serilog.Formatting.Compact": {
        "type": "Transitive",
        "resolved": "3.0.0",
        "contentHash": "wQsv14w9cqlfB5FX2MZpNsTawckN4a8dryuNGbebB/3Nh1pXnROHZov3swtu3Nj5oNG7Ba+xdu7Et/ulAUPanQ==",
        "dependencies": {
          "Serilog": "4.0.0"
        }
      },
      "Serilog.Settings.Configuration": {
        "type": "Transitive",
        "resolved": "9.0.0",
        "contentHash": "4/Et4Cqwa+F88l5SeFeNZ4c4Z6dEAIKbu3MaQb2Zz9F/g27T5a3wvfMcmCOaAiACjfUb4A6wrlTVfyYUZk3RRQ==",
        "dependencies": {
          "Microsoft.Extensions.DependencyModel": "9.0.0",
          "Serilog": "4.2.0"
        }
      },
      "Serilog.Sinks.Console": {
        "type": "Transitive",
        "resolved": "6.0.0",
        "contentHash": "fQGWqVMClCP2yEyTXPIinSr5c+CBGUvBybPxjAGcf7ctDhadFhrQw03Mv8rJ07/wR5PDfFjewf2LimvXCDzpbA==",
        "dependencies": {
          "Serilog": "4.0.0"
        }
      },
      "Serilog.Sinks.Debug": {
        "type": "Transitive",
        "resolved": "3.0.0",
        "contentHash": "4BzXcdrgRX7wde9PmHuYd9U6YqycCC28hhpKonK7hx0wb19eiuRj16fPcPSVp0o/Y1ipJuNLYQ00R3q2Zs8FDA==",
        "dependencies": {
          "Serilog": "4.0.0"
        }
      },
      "Serilog.Sinks.File": {
        "type": "Transitive",
        "resolved": "6.0.0",
        "contentHash": "lxjg89Y8gJMmFxVkbZ+qDgjl+T4yC5F7WSLTvA+5q0R04tfKVLRL/EHpYoJ/MEQd2EeCKDuylBIVnAYMotmh2A==",
        "dependencies": {
          "Serilog": "4.0.0"
        }
      },
      "SQLitePCLRaw.bundle_e_sqlite3": {
        "type": "Transitive",
        "resolved": "2.1.11",
        "contentHash": "DC4nA7yWnf4UZdgJDF+9Mus4/cb0Y3Sfgi3gDnAoKNAIBwzkskNAbNbyu+u4atT0ruVlZNJfwZmwiEwE5oz9LQ==",
        "dependencies": {
          "SQLitePCLRaw.lib.e_sqlite3": "2.1.11",
          "SQLitePCLRaw.provider.e_sqlite3": "2.1.11"
        }
      },
      "SQLitePCLRaw.core": {
        "type": "Transitive",
        "resolved": "2.1.11",
        "contentHash": "PK0GLFkfhZzLQeR3PJf71FmhtHox+U3vcY6ZtswoMjrefkB9k6ErNJEnwXqc5KgXDSjige2XXrezqS39gkpQKA=="
      },
      "SQLitePCLRaw.lib.e_sqlite3": {
        "type": "Transitive",
        "resolved": "2.1.11",
        "contentHash": "Ev2ytaXiOlWZ4b3R67GZBsemTINslLD1DCJr2xiacpn4tbapu0Q4dHEzSvZSMnVWeE5nlObU3VZN2p81q3XOYQ=="
      },
      "SQLitePCLRaw.provider.e_sqlite3": {
        "type": "Transitive",
        "resolved": "2.1.11",
        "contentHash": "Y/0ZkR+r0Cg3DQFuCl1RBnv/tmxpIZRU3HUvelPw6MVaKHwYYR8YNvgs0vuNuXCMvlyJ+Fh88U1D4tah1tt6qw==",
        "dependencies": {
          "SQLitePCLRaw.core": "2.1.11"
        }
      },
      "System.CodeDom": {
        "type": "Transitive",
        "resolved": "6.0.0",
        "contentHash": "CPc6tWO1LAer3IzfZufDBRL+UZQcj5uS207NHALQzP84Vp/z6wF0Aa0YZImOQY8iStY0A2zI/e3ihKNPfUm8XA=="
      },
      "System.Composition": {
        "type": "Transitive",
        "resolved": "9.0.0",
        "contentHash": "3Djj70fFTraOarSKmRnmRy/zm4YurICm+kiCtI0dYRqGJnLX6nJ+G3WYuFJ173cAPax/gh96REcbNiVqcrypFQ==",
        "dependencies": {
          "System.Composition.AttributedModel": "9.0.0",
          "System.Composition.Convention": "9.0.0",
          "System.Composition.Hosting": "9.0.0",
          "System.Composition.Runtime": "9.0.0",
          "System.Composition.TypedParts": "9.0.0"
        }
      },
      "System.Composition.AttributedModel": {
        "type": "Transitive",
        "resolved": "9.0.0",
        "contentHash": "iri00l/zIX9g4lHMY+Nz0qV1n40+jFYAmgsaiNn16xvt2RDwlqByNG4wgblagnDYxm3YSQQ0jLlC/7Xlk9CzyA=="
      },
      "System.Composition.Convention": {
        "type": "Transitive",
        "resolved": "9.0.0",
        "contentHash": "+vuqVP6xpi582XIjJi6OCsIxuoTZfR0M7WWufk3uGDeCl3wGW6KnpylUJ3iiXdPByPE0vR5TjJgR6hDLez4FQg==",
        "dependencies": {
          "System.Composition.AttributedModel": "9.0.0"
        }
      },
      "System.Composition.Hosting": {
        "type": "Transitive",
        "resolved": "9.0.0",
        "contentHash": "OFqSeFeJYr7kHxDfaViGM1ymk7d4JxK//VSoNF9Ux0gpqkLsauDZpu89kTHHNdCWfSljbFcvAafGyBoY094btQ==",
        "dependencies": {
          "System.Composition.Runtime": "9.0.0"
        }
      },
      "System.Composition.Runtime": {
        "type": "Transitive",
        "resolved": "9.0.0",
        "contentHash": "w1HOlQY1zsOWYussjFGZCEYF2UZXgvoYnS94NIu2CBnAGMbXFAX8PY8c92KwUItPmowal68jnVLBCzdrWLeEKA=="
      },
      "System.Composition.TypedParts": {
        "type": "Transitive",
        "resolved": "9.0.0",
        "contentHash": "aRZlojCCGEHDKqh43jaDgaVpYETsgd7Nx4g1zwLKMtv4iTo0627715ajEFNpEEBTgLmvZuv8K0EVxc3sM4NWJA==",
        "dependencies": {
          "System.Composition.AttributedModel": "9.0.0",
          "System.Composition.Hosting": "9.0.0",
          "System.Composition.Runtime": "9.0.0"
        }
      },
      "System.IdentityModel.Tokens.Jwt": {
        "type": "Transitive",
        "resolved": "8.0.1",
        "contentHash": "GJw3bYkWpOgvN3tJo5X4lYUeIFA2HD293FPUhKmp7qxS+g5ywAb34Dnd3cDAFLkcMohy5XTpoaZ4uAHuw0uSPQ==",
        "dependencies": {
          "Microsoft.IdentityModel.JsonWebTokens": "8.0.1",
          "Microsoft.IdentityModel.Tokens": "8.0.1"
        }
      },
      "chengyuan.application": {
        "type": "Project",
        "dependencies": {
          "ChengYuan.Core": "[0.2.10-local, )",
          "ChengYuan.ExecutionContext": "[0.2.10-local, )",
          "ChengYuan.MultiTenancy": "[0.2.10-local, )",
          "ChengYuan.ObjectMapping": "[0.2.10-local, )"
        }
      },
      "chengyuan.aspnetcore": {
        "type": "Project",
        "dependencies": {
          "ChengYuan.Application": "[0.2.10-local, )",
          "ChengYuan.Core": "[0.2.10-local, )",
          "ChengYuan.Hosting": "[0.2.10-local, )"
        }
      },
      "chengyuan.auditing": {
        "type": "Project",
        "dependencies": {
          "ChengYuan.Core": "[0.2.10-local, )",
          "ChengYuan.ExecutionContext": "[0.2.10-local, )",
          "ChengYuan.MultiTenancy": "[0.2.10-local, )"
        }
      },
      "chengyuan.auditlogging.application": {
        "type": "Project",
        "dependencies": {
          "ChengYuan.AuditLogging.Contracts": "[0.2.10-local, )",
          "ChengYuan.Auditing": "[0.2.10-local, )",
          "ChengYuan.Authorization": "[0.2.10-local, )",
          "ChengYuan.Core": "[0.2.10-local, )",
          "ChengYuan.Settings": "[0.2.10-local, )"
        }
      },
      "chengyuan.auditlogging.contracts": {
        "type": "Project",
        "dependencies": {
          "ChengYuan.Core": "[0.2.10-local, )"
        }
      },
      "chengyuan.auditlogging.persistence": {
        "type": "Project",
        "dependencies": {
          "ChengYuan.AuditLogging.Application": "[0.2.10-local, )",
          "ChengYuan.Data.Sqlite": "[0.2.10-local, )",
          "ChengYuan.EntityFrameworkCore": "[0.2.10-local, )"
        }
      },
      "chengyuan.auditlogging.web": {
        "type": "Project",
        "dependencies": {
          "ChengYuan.AspNetCore": "[0.2.10-local, )",
          "ChengYuan.AuditLogging.Persistence": "[0.2.10-local, )"
        }
      },
      "chengyuan.authorization": {
        "type": "Project",
        "dependencies": {
          "ChengYuan.Core": "[0.2.10-local, )",
          "ChengYuan.ExecutionContext": "[0.2.10-local, )",
          "ChengYuan.Features": "[0.2.10-local, )",
          "ChengYuan.MultiTenancy": "[0.2.10-local, )"
        }
      },
      "chengyuan.backgroundjobs": {
        "type": "Project",
        "dependencies": {
          "ChengYuan.BackgroundWorkers": "[0.2.10-local, )",
          "ChengYuan.Core": "[0.2.10-local, )"
        }
      },
      "chengyuan.backgroundjobs.persistence": {
        "type": "Project",
        "dependencies": {
          "ChengYuan.BackgroundJobs": "[0.2.10-local, )",
          "ChengYuan.Data.Sqlite": "[0.2.10-local, )",
          "ChengYuan.EntityFrameworkCore": "[0.2.10-local, )"
        }
      },
      "chengyuan.backgroundworkers": {
        "type": "Project",
        "dependencies": {
          "ChengYuan.Core": "[0.2.10-local, )",
          "Cronos": "[0.12.0, )"
        }
      },
      "chengyuan.blobstoring": {
        "type": "Project",
        "dependencies": {
          "ChengYuan.Core": "[0.2.10-local, )"
        }
      },
      "chengyuan.caching": {
        "type": "Project",
        "dependencies": {
          "ChengYuan.Core": "[0.2.10-local, )",
          "ChengYuan.MultiTenancy": "[0.2.10-local, )"
        }
      },
      "chengyuan.caching.memory": {
        "type": "Project",
        "dependencies": {
          "ChengYuan.Caching": "[0.2.10-local, )"
        }
      },
      "chengyuan.core": {
        "type": "Project"
      },
      "chengyuan.data.sqlite": {
        "type": "Project",
        "dependencies": {
          "ChengYuan.EntityFrameworkCore": "[0.2.10-local, )",
          "ChengYuan.Hosting": "[0.2.10-local, )",
          "Microsoft.EntityFrameworkCore.Sqlite": "[10.0.5, )"
        }
      },
      "chengyuan.distributedlocking": {
        "type": "Project",
        "dependencies": {
          "ChengYuan.Core": "[0.2.10-local, )"
        }
      },
      "chengyuan.emailing": {
        "type": "Project",
        "dependencies": {
          "ChengYuan.Core": "[0.2.10-local, )"
        }
      },
      "chengyuan.entityframeworkcore": {
        "type": "Project",
        "dependencies": {
          "ChengYuan.Core": "[0.2.10-local, )",
          "Microsoft.EntityFrameworkCore": "[10.0.5, )",
          "Microsoft.EntityFrameworkCore.Design": "[10.0.5, )"
        }
      },
      "chengyuan.eventbus": {
        "type": "Project",
        "dependencies": {
          "ChengYuan.Core": "[0.2.10-local, )"
        }
      },
      "chengyuan.exceptionhandling": {
        "type": "Project",
        "dependencies": {
          "ChengYuan.Core": "[0.2.10-local, )"
        }
      },
      "chengyuan.executioncontext": {
        "type": "Project",
        "dependencies": {
          "ChengYuan.Core": "[0.2.10-local, )"
        }
      },
      "chengyuan.featuremanagement.application": {
        "type": "Project",
        "dependencies": {
          "ChengYuan.Authorization": "[0.2.10-local, )",
          "ChengYuan.Core": "[0.2.10-local, )",
          "ChengYuan.FeatureManagement.Contracts": "[0.2.10-local, )",
          "ChengYuan.Features": "[0.2.10-local, )"
        }
      },
      "chengyuan.featuremanagement.contracts": {
        "type": "Project",
        "dependencies": {
          "ChengYuan.Core": "[0.2.10-local, )",
          "ChengYuan.Features": "[0.2.10-local, )"
        }
      },
      "chengyuan.featuremanagement.persistence": {
        "type": "Project",
        "dependencies": {
          "ChengYuan.Data.Sqlite": "[0.2.10-local, )",
          "ChengYuan.EntityFrameworkCore": "[0.2.10-local, )",
          "ChengYuan.FeatureManagement.Application": "[0.2.10-local, )"
        }
      },
      "chengyuan.featuremanagement.web": {
        "type": "Project",
        "dependencies": {
          "ChengYuan.AspNetCore": "[0.2.10-local, )",
          "ChengYuan.FeatureManagement.Persistence": "[0.2.10-local, )"
        }
      },
      "chengyuan.features": {
        "type": "Project",
        "dependencies": {
          "ChengYuan.Core": "[0.2.10-local, )",
          "ChengYuan.ExecutionContext": "[0.2.10-local, )",
          "ChengYuan.MultiTenancy": "[0.2.10-local, )"
        }
      },
      "chengyuan.healthchecks": {
        "type": "Project",
        "dependencies": {
          "ChengYuan.Caching": "[0.2.10-local, )",
          "ChengYuan.Core": "[0.2.10-local, )",
          "ChengYuan.EntityFrameworkCore": "[0.2.10-local, )"
        }
      },
      "chengyuan.hosting": {
        "type": "Project",
        "dependencies": {
          "ChengYuan.Core": "[0.2.10-local, )",
          "ChengYuan.MultiTenancy": "[0.2.10-local, )"
        }
      },
      "chengyuan.identity.application": {
        "type": "Project",
        "dependencies": {
          "BCrypt.Net-Next": "[4.0.3, )",
          "ChengYuan.Authorization": "[0.2.10-local, )",
          "ChengYuan.Core": "[0.2.10-local, )",
          "ChengYuan.Identity.Contracts": "[0.2.10-local, )",
          "ChengYuan.Identity.Domain": "[0.2.10-local, )",
          "ChengYuan.Settings": "[0.2.10-local, )"
        }
      },
      "chengyuan.identity.contracts": {
        "type": "Project"
      },
      "chengyuan.identity.domain": {
        "type": "Project",
        "dependencies": {
          "ChengYuan.Core": "[0.2.10-local, )",
          "ChengYuan.Identity.Contracts": "[0.2.10-local, )"
        }
      },
      "chengyuan.identity.persistence": {
        "type": "Project",
        "dependencies": {
          "ChengYuan.Data.Sqlite": "[0.2.10-local, )",
          "ChengYuan.EntityFrameworkCore": "[0.2.10-local, )",
          "ChengYuan.ExceptionHandling": "[0.2.10-local, )",
          "ChengYuan.Identity.Application": "[0.2.10-local, )",
          "ChengYuan.Identity.Domain": "[0.2.10-local, )"
        }
      },
      "chengyuan.identity.web": {
        "type": "Project",
        "dependencies": {
          "ChengYuan.AspNetCore": "[0.2.10-local, )",
          "ChengYuan.Identity.Application": "[0.2.10-local, )",
          "ChengYuan.Identity.Persistence": "[0.2.10-local, )",
          "Microsoft.AspNetCore.Authentication.JwtBearer": "[10.0.5, )"
        }
      },
      "chengyuan.multitenancy": {
        "type": "Project",
        "dependencies": {
          "ChengYuan.Core": "[0.2.10-local, )",
          "ChengYuan.ExecutionContext": "[0.2.10-local, )"
        }
      },
      "chengyuan.notifications": {
        "type": "Project",
        "dependencies": {
          "ChengYuan.Core": "[0.2.10-local, )"
        }
      },
      "chengyuan.objectmapping": {
        "type": "Project",
        "dependencies": {
          "ChengYuan.Core": "[0.2.10-local, )"
        }
      },
      "chengyuan.permissionmanagement.application": {
        "type": "Project",
        "dependencies": {
          "ChengYuan.Authorization": "[0.2.10-local, )",
          "ChengYuan.Core": "[0.2.10-local, )",
          "ChengYuan.PermissionManagement.Contracts": "[0.2.10-local, )"
        }
      },
      "chengyuan.permissionmanagement.contracts": {
        "type": "Project",
        "dependencies": {
          "ChengYuan.Authorization": "[0.2.10-local, )",
          "ChengYuan.Core": "[0.2.10-local, )"
        }
      },
      "chengyuan.permissionmanagement.persistence": {
        "type": "Project",
        "dependencies": {
          "ChengYuan.Data.Sqlite": "[0.2.10-local, )",
          "ChengYuan.EntityFrameworkCore": "[0.2.10-local, )",
          "ChengYuan.PermissionManagement.Application": "[0.2.10-local, )"
        }
      },
      "chengyuan.permissionmanagement.web": {
        "type": "Project",
        "dependencies": {
          "ChengYuan.AspNetCore": "[0.2.10-local, )",
          "ChengYuan.PermissionManagement.Persistence": "[0.2.10-local, )"
        }
      },
      "chengyuan.settingmanagement.application": {
        "type": "Project",
        "dependencies": {
          "ChengYuan.Authorization": "[0.2.10-local, )",
          "ChengYuan.Core": "[0.2.10-local, )",
          "ChengYuan.SettingManagement.Contracts": "[0.2.10-local, )",
          "ChengYuan.Settings": "[0.2.10-local, )"
        }
      },
      "chengyuan.settingmanagement.contracts": {
        "type": "Project",
        "dependencies": {
          "ChengYuan.Core": "[0.2.10-local, )",
          "ChengYuan.Settings": "[0.2.10-local, )"
        }
      },
      "chengyuan.settingmanagement.persistence": {
        "type": "Project",
        "dependencies": {
          "ChengYuan.Data.Sqlite": "[0.2.10-local, )",
          "ChengYuan.EntityFrameworkCore": "[0.2.10-local, )",
          "ChengYuan.SettingManagement.Application": "[0.2.10-local, )"
        }
      },
      "chengyuan.settingmanagement.web": {
        "type": "Project",
        "dependencies": {
          "ChengYuan.AspNetCore": "[0.2.10-local, )",
          "ChengYuan.SettingManagement.Persistence": "[0.2.10-local, )"
        }
      },
      "chengyuan.settings": {
        "type": "Project",
        "dependencies": {
          "ChengYuan.Core": "[0.2.10-local, )",
          "ChengYuan.ExecutionContext": "[0.2.10-local, )",
          "ChengYuan.MultiTenancy": "[0.2.10-local, )"
        }
      },
      "chengyuan.sms": {
        "type": "Project",
        "dependencies": {
          "ChengYuan.Core": "[0.2.10-local, )"
        }
      },
      "chengyuan.tenantmanagement.application": {
        "type": "Project",
        "dependencies": {
          "ChengYuan.Authorization": "[0.2.10-local, )",
          "ChengYuan.Core": "[0.2.10-local, )",
          "ChengYuan.MultiTenancy": "[0.2.10-local, )",
          "ChengYuan.TenantManagement.Contracts": "[0.2.10-local, )"
        }
      },
      "chengyuan.tenantmanagement.contracts": {
        "type": "Project",
        "dependencies": {
          "ChengYuan.MultiTenancy": "[0.2.10-local, )"
        }
      },
      "chengyuan.tenantmanagement.persistence": {
        "type": "Project",
        "dependencies": {
          "ChengYuan.Data.Sqlite": "[0.2.10-local, )",
          "ChengYuan.EntityFrameworkCore": "[0.2.10-local, )",
          "ChengYuan.TenantManagement.Application": "[0.2.10-local, )"
        }
      },
      "chengyuan.tenantmanagement.web": {
        "type": "Project",
        "dependencies": {
          "ChengYuan.AspNetCore": "[0.2.10-local, )",
          "ChengYuan.TenantManagement.Persistence": "[0.2.10-local, )"
        }
      },
      "chengyuan.texttemplating": {
        "type": "Project",
        "dependencies": {
          "ChengYuan.Core": "[0.2.10-local, )"
        }
      },
      "BCrypt.Net-Next": {
        "type": "CentralTransitive",
        "requested": "[4.0.3, )",
        "resolved": "4.0.3",
        "contentHash": "W+U9WvmZQgi5cX6FS5GDtDoPzUCV4LkBLkywq/kRZhuDwcbavOzcDAr3LXJFqHUi952Yj3LEYoWW0jbEUQChsA=="
      },
      "Cronos": {
        "type": "CentralTransitive",
        "requested": "[0.12.0, )",
        "resolved": "0.12.0",
        "contentHash": "rOBW2cimLtkRoyLIZWZx1uM300cNI2wUKOUbLbGLnNQRly5R/YK3VdC1mk3Wvt24J4k9PY5j+9WL4smv0RIZvA=="
      },
      "Microsoft.EntityFrameworkCore": {
        "type": "CentralTransitive",
        "requested": "[10.0.5, )",
        "resolved": "10.0.5",
        "contentHash": "9tNBmK3EpYVGRQLiqP+bqK2m+TD0Gv//4vCzR7ZOgl4FWzCFyOpYdIVka13M4kcBdPdSJcs3wbHr3rmzOqbIMA==",
        "dependencies": {
          "Microsoft.EntityFrameworkCore.Abstractions": "10.0.5",
          "Microsoft.EntityFrameworkCore.Analyzers": "10.0.5"
        }
      },
      "Microsoft.EntityFrameworkCore.Design": {
        "type": "CentralTransitive",
        "requested": "[10.0.5, )",
        "resolved": "10.0.5",
        "contentHash": "gm6f0cC2w/2tcd4GeZJqEMruTercpIJfO5sSAFLtqTqblDBHgAFk70xwshUIUVX4I6sZwdEUSd1YxoKFk1AL0w==",
        "dependencies": {
          "Humanizer.Core": "2.14.1",
          "Microsoft.Build.Framework": "18.0.2",
          "Microsoft.CodeAnalysis.CSharp": "5.0.0",
          "Microsoft.CodeAnalysis.CSharp.Workspaces": "5.0.0",
          "Microsoft.CodeAnalysis.Workspaces.MSBuild": "5.0.0",
          "Microsoft.EntityFrameworkCore.Relational": "10.0.5",
          "Microsoft.Extensions.DependencyModel": "10.0.5",
          "Mono.TextTemplating": "3.0.0",
          "Newtonsoft.Json": "13.0.3"
        }
      },
      "Microsoft.EntityFrameworkCore.Sqlite": {
        "type": "CentralTransitive",
        "requested": "[10.0.5, )",
        "resolved": "10.0.5",
        "contentHash": "lxeRviglTkkmzYJVJ600yb6gJjnf5za9v7uH+0byuSXTGv7U8cT6hz7qRTmiGSOfLcl86QFdy2BBKaUFd6NQug==",
        "dependencies": {
          "Microsoft.EntityFrameworkCore.Sqlite.Core": "10.0.5",
          "Microsoft.Extensions.DependencyModel": "10.0.5",
          "SQLitePCLRaw.bundle_e_sqlite3": "2.1.11",
          "SQLitePCLRaw.core": "2.1.11"
        }
      }
    }
  }
}